
Microsoft Visual Studio Solution File, Format Version 12.00
# Visual Studio Version 16
VisualStudioVersion = 16.0.34301.259
MinimumVisualStudioVersion = 10.0.40219.1
Project("{FAE04EC0-301F-11D3-BF4B-00C04F79EFBC}") = "pet_shop", "pet_shop\pet_shop.csproj", "{D3AD8039-28DA-48F5-A2B2-5170579AE8DC}"
EndProject
Global
	GlobalSection(SolutionConfigurationPlatforms) = preSolution
		Debug|Any CPU = Debug|Any CPU
		Release|Any CPU = Release|Any CPU
	EndGlobalSection
	GlobalSection(ProjectConfigurationPlatforms) = postSolution
		{D3AD8039-28DA-48F5-A2B2-5170579AE8DC}.Debug|Any CPU.ActiveCfg = Debug|Any CPU
		{D3AD8039-28DA-48F5-A2B2-5170579AE8DC}.Debug|Any CPU.Build.0 = Debug|Any CPU
		{D3AD8039-28DA-48F5-A2B2-5170579AE8DC}.Release|Any CPU.ActiveCfg = Release|Any CPU
		{D3AD8039-28DA-48F5-A2B2-5170579AE8DC}.Release|Any CPU.Build.0 = Release|Any CPU
	EndGlobalSection
	GlobalSection(SolutionProperties) = preSolution
		HideSolutionNode = FALSE
	EndGlobalSection
	GlobalSection(ExtensibilityGlobals) = postSolution
		SolutionGuid = {2EC73A96-E86C-4E11-83EC-DC495EE8CD06}
	EndGlobalSection
EndGlobal
